
Microsoft Visual Studio Solution File, Format Version 11.00
# Visual Studio 2010
Project("{8BC9CEB8-8B4A-11D0-8D11-00A0C91BC942}") = "srkutility", "srkutility\srkutility.vcxproj", "{8398B087-18AD-4551-B1FB-29A5E1B0A2C9}"
EndProject
Project("{8BC9CEB8-8B4A-11D0-8D11-00A0C91BC942}") = "srklog", "..\srklog\srklog.vcxproj", "{2C6AB281-5A87-43F2-97B6-8ED583358228}"
EndProject
Project("{8BC9CEB8-8B4A-11D0-8D11-00A0C91BC942}") = "ProjectTest", "..\..\server\ProjectTest\ProjectTest\ProjectTest.vcxproj", "{1375BA3B-35BB-4B65-88E1-03AF7BF0BD5F}"
EndProject
Project("{8BC9CEB8-8B4A-11D0-8D11-00A0C91BC942}") = "srkdb", "..\srkdb\srkdb.vcxproj", "{3750F955-7F77-4A0E-83C7-76F80D77A494}"
EndProject
Global
	GlobalSection(SolutionConfigurationPlatforms) = preSolution
		Debug|Win32 = Debug|Win32
		Release|Win32 = Release|Win32
	EndGlobalSection
	GlobalSection(ProjectConfigurationPlatforms) = postSolution
		{8398B087-18AD-4551-B1FB-29A5E1B0A2C9}.Debug|Win32.ActiveCfg = Debug|Win32
		{8398B087-18AD-4551-B1FB-29A5E1B0A2C9}.Debug|Win32.Build.0 = Debug|Win32
		{8398B087-18AD-4551-B1FB-29A5E1B0A2C9}.Release|Win32.ActiveCfg = Release|Win32
		{8398B087-18AD-4551-B1FB-29A5E1B0A2C9}.Release|Win32.Build.0 = Release|Win32
		{2C6AB281-5A87-43F2-97B6-8ED583358228}.Debug|Win32.ActiveCfg = Debug|Win32
		{2C6AB281-5A87-43F2-97B6-8ED583358228}.Debug|Win32.Build.0 = Debug|Win32
		{2C6AB281-5A87-43F2-97B6-8ED583358228}.Release|Win32.ActiveCfg = Release|Win32
		{2C6AB281-5A87-43F2-97B6-8ED583358228}.Release|Win32.Build.0 = Release|Win32
		{1375BA3B-35BB-4B65-88E1-03AF7BF0BD5F}.Debug|Win32.ActiveCfg = Debug|Win32
		{1375BA3B-35BB-4B65-88E1-03AF7BF0BD5F}.Debug|Win32.Build.0 = Debug|Win32
		{1375BA3B-35BB-4B65-88E1-03AF7BF0BD5F}.Release|Win32.ActiveCfg = Release|Win32
		{1375BA3B-35BB-4B65-88E1-03AF7BF0BD5F}.Release|Win32.Build.0 = Release|Win32
		{3750F955-7F77-4A0E-83C7-76F80D77A494}.Debug|Win32.ActiveCfg = Debug|Win32
		{3750F955-7F77-4A0E-83C7-76F80D77A494}.Debug|Win32.Build.0 = Debug|Win32
		{3750F955-7F77-4A0E-83C7-76F80D77A494}.Release|Win32.ActiveCfg = Release|Win32
		{3750F955-7F77-4A0E-83C7-76F80D77A494}.Release|Win32.Build.0 = Release|Win32
	EndGlobalSection
	GlobalSection(SolutionProperties) = preSolution
		HideSolutionNode = FALSE
	EndGlobalSection
EndGlobal
