<?xml version="1.0" encoding="utf-8"?>
<Project ToolsVersion="4.0" xmlns="http://schemas.microsoft.com/developer/msbuild/2003">
  <ItemGroup>
    <ClCompile Include="..\..\..\src\server\gameserver\main.cpp" />
    <ClCompile Include="..\..\..\src\server\gameserver\db\dbmgr.cpp">
      <Filter>db</Filter>
    </ClCompile>
    <ClCompile Include="..\..\..\src\server\gameserver\framework\config.cpp">
      <Filter>framework</Filter>
    </ClCompile>
    <ClCompile Include="..\..\..\src\server\gameserver\logic\logicmgr.cpp">
      <Filter>logic</Filter>
    </ClCompile>
    <ClCompile Include="..\..\..\src\server\gameserver\net\netmgr.cpp">
      <Filter>net</Filter>
    </ClCompile>
  </ItemGroup>
  <ItemGroup>
    <Filter Include="db">
      <UniqueIdentifier>{a3fedcb3-bf6a-41f3-8b83-bdcb82ac7370}</UniqueIdentifier>
    </Filter>
    <Filter Include="framework">
      <UniqueIdentifier>{8b9792b2-db3b-481d-83ab-7d9b9350cf2e}</UniqueIdentifier>
    </Filter>
    <Filter Include="logic">
      <UniqueIdentifier>{20fd8d46-5734-4300-9262-29302dd52660}</UniqueIdentifier>
    </Filter>
    <Filter Include="net">
      <UniqueIdentifier>{74ef03ad-5b55-4191-8e9d-783b6e05cab9}</UniqueIdentifier>
    </Filter>
    <Filter Include="common">
      <UniqueIdentifier>{0b159853-8c57-432d-9d29-ab24196fc6d2}</UniqueIdentifier>
    </Filter>
  </ItemGroup>
  <ItemGroup>
    <ClInclude Include="..\..\..\src\server\gameserver\db\dbmgr.h">
      <Filter>db</Filter>
    </ClInclude>
    <ClInclude Include="..\..\..\src\server\gameserver\framework\config.h">
      <Filter>framework</Filter>
    </ClInclude>
    <ClInclude Include="..\..\..\src\server\gameserver\logic\logicmgr.h">
      <Filter>logic</Filter>
    </ClInclude>
    <ClInclude Include="..\..\..\src\server\gameserver\net\netmgr.h">
      <Filter>net</Filter>
    </ClInclude>
    <ClInclude Include="..\..\..\src\server\common\singleclass.h">
      <Filter>common</Filter>
    </ClInclude>
  </ItemGroup>
</Project>